
Microsoft Visual Studio Solution File, Format Version 12.00
# Visual Studio 15
VisualStudioVersion = 15.0.27703.2047
MinimumVisualStudioVersion = 10.0.40219.1
Project("{FAE04EC0-301F-11D3-BF4B-00C04F79EFBC}") = "Vidlly", "Vidlly\Vidlly.csproj", "{D2D96A84-BB1A-427B-89F6-4CC41AF5E424}"
EndProject
Global
	GlobalSection(SolutionConfigurationPlatforms) = preSolution
		Debug|Any CPU = Debug|Any CPU
		Release|Any CPU = Release|Any CPU
		Testing|Any CPU = Testing|Any CPU
	EndGlobalSection
	GlobalSection(ProjectConfigurationPlatforms) = postSolution
		{D2D96A84-BB1A-427B-89F6-4CC41AF5E424}.Debug|Any CPU.ActiveCfg = Debug|Any CPU
		{D2D96A84-BB1A-427B-89F6-4CC41AF5E424}.Debug|Any CPU.Build.0 = Debug|Any CPU
		{D2D96A84-BB1A-427B-89F6-4CC41AF5E424}.Release|Any CPU.ActiveCfg = Release|Any CPU
		{D2D96A84-BB1A-427B-89F6-4CC41AF5E424}.Release|Any CPU.Build.0 = Release|Any CPU
		{D2D96A84-BB1A-427B-89F6-4CC41AF5E424}.Testing|Any CPU.ActiveCfg = Testing|Any CPU
		{D2D96A84-BB1A-427B-89F6-4CC41AF5E424}.Testing|Any CPU.Build.0 = Testing|Any CPU
	EndGlobalSection
	GlobalSection(SolutionProperties) = preSolution
		HideSolutionNode = FALSE
	EndGlobalSection
	GlobalSection(ExtensibilityGlobals) = postSolution
		SolutionGuid = {E894BFEE-13C2-40C8-B1F7-CAE70DDC5345}
	EndGlobalSection
EndGlobal
